// !$*UTF8*$!
{
	archiveVersion = 1;
	classes = {
	};
	objectVersion = 46;
	objects = {

/* Begin PBXBuildFile section */
		CEAE7B391FC98D0000CFF096 /* AppDelegate.swift in Sources */ = {isa = PBXBuildFile; fileRef = CEAE7B381FC98D0000CFF096 /* AppDelegate.swift */; };
		CEAE7B3B1FC98D0000CFF096 /* ViewController.swift in Sources */ = {isa = PBXBuildFile; fileRef = CEAE7B3A1FC98D0000CFF096 /* ViewController.swift */; };
		CEAE7B3E1FC98D0000CFF096 /* Main.storyboard in Resources */ = {isa = PBXBuildFile; fileRef = CEAE7B3C1FC98D0000CFF096 /* Main.storyboard */; };
		CEAE7B401FC98D0000CFF096 /* Assets.xcassets in Resources */ = {isa = PBXBuildFile; fileRef = CEAE7B3F1FC98D0000CFF096 /* Assets.xcassets */; };
		CEAE7B431FC98D0000CFF096 /* LaunchScreen.storyboard in Resources */ = {isa = PBXBuildFile; fileRef = CEAE7B411FC98D0000CFF096 /* LaunchScreen.storyboard */; };
		CEAE7B4B1FCA740800CFF096 /* CountryDetailsVC.swift in Sources */ = {isa = PBXBuildFile; fileRef = CEAE7B4A1FCA740800CFF096 /* CountryDetailsVC.swift */; };
/* End PBXBuildFile section */

/* Begin PBXFileReference section */
		CEAE7B351FC98D0000CFF096 /* Country OverView.app */ = {isa = PBXFileReference; explicitFileType = wrapper.application; includeInIndex = 0; path = "Country OverView.app"; sourceTree = BUILT_PRODUCTS_DIR; };
		CEAE7B381FC98D0000CFF096 /* AppDelegate.swift */ = {isa = PBXFileReference; lastKnownFileType = sourcecode.swift; path = AppDelegate.swift; sourceTree = "<group>"; };
		CEAE7B3A1FC98D0000CFF096 /* ViewController.swift */ = {isa = PBXFileReference; lastKnownFileType = sourcecode.swift; path = ViewController.swift; sourceTree = "<group>"; };
		CEAE7B3D1FC98D0000CFF096 /* Base */ = {isa = PBXFileReference; lastKnownFileType = file.storyboard; name = Base; path = Base.lproj/Main.storyboard; sourceTree = "<group>"; };
		CEAE7B3F1FC98D0000CFF096 /* Assets.xcassets */ = {isa = PBXFileReference; lastKnownFileType = folder.assetcatalog; path = Assets.xcassets; sourceTree = "<group>"; };
		CEAE7B421FC98D0000CFF096 /* Base */ = {isa = PBXFileReference; lastKnownFileType = file.storyboard; name = Base; path = Base.lproj/LaunchScreen.storyboard; sourceTree = "<group>"; };
		CEAE7B441FC98D0000CFF096 /* Info.plist */ = {isa = PBXFileReference; lastKnownFileType = text.plist.xml; path = Info.plist; sourceTree = "<group>"; };
		CEAE7B4A1FCA740800CFF096 /* CountryDetailsVC.swift */ = {isa = PBXFileReference; fileEncoding = 4; lastKnownFileType = sourcecode.swift; path = CountryDetailsVC.swift; sourceTree = "<group>"; };
/* End PBXFileReference section */

/* Begin PBXFrameworksBuildPhase section */
		CEAE7B321FC98D0000CFF096 /* Frameworks */ = {
			isa = PBXFrameworksBuildPhase;
			buildActionMask = 2147483647;
			files = (
			);
			runOnlyForDeploymentPostprocessing = 0;
		};
/* End PBXFrameworksBuildPhase section */

/* Begin PBXGroup section */
		CEAE7B2C1FC98D0000CFF096 = {
			isa = PBXGroup;
			children = (
				CEAE7B371FC98D0000CFF096 /* Country OverView */,
				CEAE7B361FC98D0000CFF096 /* Products */,
			);
			sourceTree = "<group>";
		};
		CEAE7B361FC98D0000CFF096 /* Products */ = {
			isa = PBXGroup;
			children = (
				CEAE7B351FC98D0000CFF096 /* Country OverView.app */,
			);
			name = Products;
			sourceTree = "<group>";
		};
		CEAE7B371FC98D0000CFF096 /* Country OverView */ = {
			isa = PBXGroup;
			children = (
				CEAE7B381FC98D0000CFF096 /* AppDelegate.swift */,
				CEAE7B3A1FC98D0000CFF096 /* ViewController.swift */,
				CEAE7B4A1FCA740800CFF096 /* CountryDetailsVC.swift */,
				CEAE7B3C1FC98D0000CFF096 /* Main.storyboard */,
				CEAE7B3F1FC98D0000CFF096 /* Assets.xcassets */,
				CEAE7B411FC98D0000CFF096 /* LaunchScreen.storyboard */,
				CEAE7B441FC98D0000CFF096 /* Info.plist */,
			);
			path = "Country OverView";
			sourceTree = "<group>";
		};
/* End PBXGroup section */

/* Begin PBXNativeTarget section */
		CEAE7B341FC98D0000CFF096 /* Country OverView */ = {
			isa = PBXNativeTarget;
			buildConfigurationList = CEAE7B471FC98D0000CFF096 /* Build configuration list for PBXNativeTarget "Country OverView" */;
			buildPhases = (
				CEAE7B311FC98D0000CFF096 /* Sources */,
				CEAE7B321FC98D0000CFF096 /* Frameworks */,
				CEAE7B331FC98D0000CFF096 /* Resources */,
			);
			buildRules = (
			);
			dependencies = (
			);
			name = "Country OverView";
			productName = "Country OverView";
			productReference = CEAE7B351FC98D0000CFF096 /* Country OverView.app */;
			productType = "com.apple.product-type.application";
		};
/* End PBXNativeTarget section */

/* Begin PBXProject section */
		CEAE7B2D1FC98D0000CFF096 /* Project object */ = {
			isa = PBXProject;
			attributes = {
				LastSwiftUpdateCheck = 0830;
				LastUpgradeCheck = 0830;
				ORGANIZATIONNAME = "MacBook Air";
				TargetAttributes = {
					CEAE7B341FC98D0000CFF096 = {
						CreatedOnToolsVersion = 8.3.1;
						ProvisioningStyle = Automatic;
					};
				};
			};
			buildConfigurationList = CEAE7B301FC98D0000CFF096 /* Build configuration list for PBXProject "Country OverView" */;
			compatibilityVersion = "Xcode 3.2";
			developmentRegion = English;
			hasScannedForEncodings = 0;
			knownRegions = (
				en,
				Base,
			);
			mainGroup = CEAE7B2C1FC98D0000CFF096;
			productRefGroup = CEAE7B361FC98D0000CFF096 /* Products */;
			projectDirPath = "";
			projectRoot = "";
			targets = (
				CEAE7B341FC98D0000CFF096 /* Country OverView */,
			);
		};
/* End PBXProject section */

/* Begin PBXResourcesBuildPhase section */
		CEAE7B331FC98D0000CFF096 /* Resources */ = {
			isa = PBXResourcesBuildPhase;
			buildActionMask = 2147483647;
			files = (
				CEAE7B431FC98D0000CFF096 /* LaunchScreen.storyboard in Resources */,
				CEAE7B401FC98D0000CFF096 /* Assets.xcassets in Resources */,
				CEAE7B3E1FC98D0000CFF096 /* Main.storyboard in Resources */,
			);
			runOnlyForDeploymentPostprocessing = 0;
		};
/* End PBXResourcesBuildPhase section */

/* Begin PBXSourcesBuildPhase section */
		CEAE7B311FC98D0000CFF096 /* Sources */ = {
			isa = PBXSourcesBuildPhase;
			buildActionMask = 2147483647;
			files = (
				CEAE7B4B1FCA740800CFF096 /* CountryDetailsVC.swift in Sources */,
				CEAE7B3B1FC98D0000CFF096 /* ViewController.swift in Sources */,
				CEAE7B391FC98D0000CFF096 /* AppDelegate.swift in Sources */,
			);
			runOnlyForDeploymentPostprocessing = 0;
		};
/* End PBXSourcesBuildPhase section */

/* Begin PBXVariantGroup section */
		CEAE7B3C1FC98D0000CFF096 /* Main.storyboard */ = {
			isa = PBXVariantGroup;
			children = (
				CEAE7B3D1FC98D0000CFF096 /* Base */,
			);
			name = Main.storyboard;
			sourceTree = "<group>";
		};
		CEAE7B411FC98D0000CFF096 /* LaunchScreen.storyboard */ = {
			isa = PBXVariantGroup;
			children = (
				CEAE7B421FC98D0000CFF096 /* Base */,
			);
			name = LaunchScreen.storyboard;
			sourceTree = "<group>";
		};
/* End PBXVariantGroup section */

/* Begin XCBuildConfiguration section */
		CEAE7B451FC98D0000CFF096 /* Debug */ = {
			isa = XCBuildConfiguration;
			buildSettings = {
				ALWAYS_SEARCH_USER_PATHS = NO;
				CLANG_ANALYZER_NONNULL = YES;
				CLANG_ANALYZER_NUMBER_OBJECT_CONVERSION = YES_AGGRESSIVE;
				CLANG_CXX_LANGUAGE_STANDARD = "gnu++0x";
				CLANG_CXX_LIBRARY = "libc++";
				CLANG_ENABLE_MODULES = YES;
				CLANG_ENABLE_OBJC_ARC = YES;
				CLANG_WARN_BOOL_CONVERSION = YES;
				CLANG_WARN_CONSTANT_CONVERSION = YES;
				CLANG_WARN_DIRECT_OBJC_ISA_USAGE = YES_ERROR;
				CLANG_WARN_DOCUMENTATION_COMMENTS = YES;
				CLANG_WARN_EMPTY_BODY = YES;
				CLANG_WARN_ENUM_CONVERSION = YES;
				CLANG_WARN_INFINITE_RECURSION = YES;
				CLANG_WARN_INT_CONVERSION = YES;
				CLANG_WARN_OBJC_ROOT_CLASS = YES_ERROR;
				CLANG_WARN_SUSPICIOUS_MOVE = YES;
				CLANG_WARN_UNREACHABLE_CODE = YES;
				CLANG_WARN__DUPLICATE_METHOD_MATCH = YES;
				"CODE_SIGN_IDENTITY[sdk=iphoneos*]" = "iPhone Developer";
				COPY_PHASE_STRIP = NO;
				DEBUG_INFORMATION_FORMAT = dwarf;
				ENABLE_STRICT_OBJC_MSGSEND = YES;
				ENABLE_TESTABILITY = YES;
				GCC_C_LANGUAGE_STANDARD = gnu99;
				GCC_DYNAMIC_NO_PIC = NO;
				GCC_NO_COMMON_BLOCKS = YES;
				GCC_OPTIMIZATION_LEVEL = 0;
				GCC_PREPROCESSOR_DEFINITIONS = (
					"DEBUG=1",
					"$(inherited)",
				);
				GCC_WARN_64_TO_32_BIT_CONVERSION = YES;
				GCC_WARN_ABOUT_RETURN_TYPE = YES_ERROR;
				GCC_WARN_UNDECLARED_SELECTOR = YES;
				GCC_WARN_UNINITIALIZED_AUTOS = YES_AGGRESSIVE;
				GCC_WARN_UNUSED_FUNCTION = YES;
				GCC_WARN_UNUSED_VARIABLE = YES;
				IPHONEOS_DEPLOYMENT_TARGET = 10.3;
				MTL_ENABLE_DEBUG_INFO = YES;
				ONLY_ACTIVE_ARCH = YES;
				SDKROOT = iphoneos;
				SWIFT_ACTIVE_COMPILATION_CONDITIONS = DEBUG;
				SWIFT_OPTIMIZATION_LEVEL = "-Onone";
				TARGETED_DEVICE_FAMILY = "1,2";
			};
			name = Debug;
		};
		CEAE7B461FC98D0000CFF096 /* Release */ = {
			isa = XCBuildConfiguration;
			buildSettings = {
				ALWAYS_SEARCH_USER_PATHS = NO;
				CLANG_ANALYZER_NONNULL = YES;
				CLANG_ANALYZER_NUMBER_OBJECT_CONVERSION = YES_AGGRESSIVE;
				CLANG_CXX_LANGUAGE_STANDARD = "gnu++0x";
				CLANG_CXX_LIBRARY = "libc++";
				CLANG_ENABLE_MODULES = YES;
				CLANG_ENABLE_OBJC_ARC = YES;
				CLANG_WARN_BOOL_CONVERSION = YES;
				CLANG_WARN_CONSTANT_CONVERSION = YES;
				CLANG_WARN_DIRECT_OBJC_ISA_USAGE = YES_ERROR;
				CLANG_WARN_DOCUMENTATION_COMMENTS = YES;
				CLANG_WARN_EMPTY_BODY = YES;
				CLANG_WARN_ENUM_CONVERSION = YES;
				CLANG_WARN_INFINITE_RECURSION = YES;
				CLANG_WARN_INT_CONVERSION = YES;
				CLANG_WARN_OBJC_ROOT_CLASS = YES_ERROR;
				CLANG_WARN_SUSPICIOUS_MOVE = YES;
				CLANG_WARN_UNREACHABLE_CODE = YES;
				CLANG_WARN__DUPLICATE_METHOD_MATCH = YES;
				"CODE_SIGN_IDENTITY[sdk=iphoneos*]" = "iPhone Developer";
				COPY_PHASE_STRIP = NO;
				DEBUG_INFORMATION_FORMAT = "dwarf-with-dsym";
				ENABLE_NS_ASSERTIONS = NO;
				ENABLE_STRICT_OBJC_MSGSEND = YES;
				GCC_C_LANGUAGE_STANDARD = gnu99;
				GCC_NO_COMMON_BLOCKS = YES;
				GCC_WARN_64_TO_32_BIT_CONVERSION = YES;
				GCC_WARN_ABOUT_RETURN_TYPE = YES_ERROR;
				GCC_WARN_UNDECLARED_SELECTOR = YES;
				GCC_WARN_UNINITIALIZED_AUTOS = YES_AGGRESSIVE;
				GCC_WARN_UNUSED_FUNCTION = YES;
				GCC_WARN_UNUSED_VARIABLE = YES;
				IPHONEOS_DEPLOYMENT_TARGET = 10.3;
				MTL_ENABLE_DEBUG_INFO = NO;
				SDKROOT = iphoneos;
				SWIFT_OPTIMIZATION_LEVEL = "-Owholemodule";
				TARGETED_DEVICE_FAMILY = "1,2";
				VALIDATE_PRODUCT = YES;
			};
			name = Release;
		};
		CEAE7B481FC98D0000CFF096 /* Debug */ = {
			isa = XCBuildConfiguration;
			buildSettings = {
				ASSETCATALOG_COMPILER_APPICON_NAME = AppIcon;
				INFOPLIST_FILE = "Country OverView/Info.plist";
				LD_RUNPATH_SEARCH_PATHS = "$(inherited) @executable_path/Frameworks";
				PRODUCT_BUNDLE_IDENTIFIER = "universal.Country-OverView";
				PRODUCT_NAME = "$(TARGET_NAME)";
				SWIFT_VERSION = 3.0;
			};
			name = Debug;
		};
		CEAE7B491FC98D0000CFF096 /* Release */ = {
			isa = XCBuildConfiguration;
			buildSettings = {
				ASSETCATALOG_COMPILER_APPICON_NAME = AppIcon;
				INFOPLIST_FILE = "Country OverView/Info.plist";
				LD_RUNPATH_SEARCH_PATHS = "$(inherited) @executable_path/Frameworks";
				PRODUCT_BUNDLE_IDENTIFIER = "universal.Country-OverView";
				PRODUCT_NAME = "$(TARGET_NAME)";
				SWIFT_VERSION = 3.0;
			};
			name = Release;
		};
/* End XCBuildConfiguration section */

/* Begin XCConfigurationList section */
		CEAE7B301FC98D0000CFF096 /* Build configuration list for PBXProject "Country OverView" */ = {
			isa = XCConfigurationList;
			buildConfigurations = (
				CEAE7B451FC98D0000CFF096 /* Debug */,
				CEAE7B461FC98D0000CFF096 /* Release */,
			);
			defaultConfigurationIsVisible = 0;
			defaultConfigurationName = Release;
		};
		CEAE7B471FC98D0000CFF096 /* Build configuration list for PBXNativeTarget "Country OverView" */ = {
			isa = XCConfigurationList;
			buildConfigurations = (
				CEAE7B481FC98D0000CFF096 /* Debug */,
				CEAE7B491FC98D0000CFF096 /* Release */,
			);
			defaultConfigurationIsVisible = 0;
		};
/* End XCConfigurationList section */
	};
	rootObject = CEAE7B2D1FC98D0000CFF096 /* Project object */;
}
